
Microsoft Visual Studio Solution File, Format Version 12.00
# Visual Studio 2015
Project("{FAE04EC0-301F-11D3-BF4B-00C04F79EFBC}") = "testdelete", "testdelete.csproj", "{8713310B-030E-1799-C9AF-2D610FF5B5D1}"
EndProject
Project("{FAE04EC0-301F-11D3-BF4B-00C04F79EFBC}") = "testdelete.Editor", "testdelete.Editor.csproj", "{C86A7DA4-8AA7-8746-29EE-22DF29A1DDC3}"
EndProject
Global
	GlobalSection(SolutionConfigurationPlatforms) = preSolution
		Debug|Any CPU = Debug|Any CPU
		Release|Any CPU = Release|Any CPU
	EndGlobalSection
	GlobalSection(ProjectConfigurationPlatforms) = postSolution
		{8713310B-030E-1799-C9AF-2D610FF5B5D1}.Debug|Any CPU.ActiveCfg = Debug|Any CPU
		{8713310B-030E-1799-C9AF-2D610FF5B5D1}.Debug|Any CPU.Build.0 = Debug|Any CPU
		{8713310B-030E-1799-C9AF-2D610FF5B5D1}.Release|Any CPU.ActiveCfg = Release|Any CPU
		{8713310B-030E-1799-C9AF-2D610FF5B5D1}.Release|Any CPU.Build.0 = Release|Any CPU
		{C86A7DA4-8AA7-8746-29EE-22DF29A1DDC3}.Debug|Any CPU.ActiveCfg = Debug|Any CPU
		{C86A7DA4-8AA7-8746-29EE-22DF29A1DDC3}.Debug|Any CPU.Build.0 = Debug|Any CPU
		{C86A7DA4-8AA7-8746-29EE-22DF29A1DDC3}.Release|Any CPU.ActiveCfg = Release|Any CPU
		{C86A7DA4-8AA7-8746-29EE-22DF29A1DDC3}.Release|Any CPU.Build.0 = Release|Any CPU
	EndGlobalSection
	GlobalSection(SolutionProperties) = preSolution
		HideSolutionNode = FALSE
	EndGlobalSection
EndGlobal
